
Microsoft Visual Studio Solution File, Format Version 12.00
# Visual Studio Version 17
VisualStudioVersion = 17.4.33205.214
MinimumVisualStudioVersion = 10.0.40219.1
Project("{9A19103F-16F7-4668-BE54-9A1E7A4F7556}") = "DevIO.Business", "src\DevIO.Business\DevIO.Business.csproj", "{216D4451-BEED-4D57-BE73-F69AC58460C5}"
EndProject
Project("{9A19103F-16F7-4668-BE54-9A1E7A4F7556}") = "DevIO.Data", "src\DevIO.Data\DevIO.Data.csproj", "{428DA918-580F-4C22-92E3-76AE4743027E}"
EndProject
Project("{9A19103F-16F7-4668-BE54-9A1E7A4F7556}") = "DevIO.Api", "src\DevIO.Api\DevIO.Api.csproj", "{5FF6613C-C559-4C88-93A8-027A295A12F7}"
EndProject
Global
	GlobalSection(SolutionConfigurationPlatforms) = preSolution
		Debug|Any CPU = Debug|Any CPU
		Release|Any CPU = Release|Any CPU
	EndGlobalSection
	GlobalSection(ProjectConfigurationPlatforms) = postSolution
		{216D4451-BEED-4D57-BE73-F69AC58460C5}.Debug|Any CPU.ActiveCfg = Debug|Any CPU
		{216D4451-BEED-4D57-BE73-F69AC58460C5}.Debug|Any CPU.Build.0 = Debug|Any CPU
		{216D4451-BEED-4D57-BE73-F69AC58460C5}.Release|Any CPU.ActiveCfg = Release|Any CPU
		{216D4451-BEED-4D57-BE73-F69AC58460C5}.Release|Any CPU.Build.0 = Release|Any CPU
		{428DA918-580F-4C22-92E3-76AE4743027E}.Debug|Any CPU.ActiveCfg = Debug|Any CPU
		{428DA918-580F-4C22-92E3-76AE4743027E}.Debug|Any CPU.Build.0 = Debug|Any CPU
		{428DA918-580F-4C22-92E3-76AE4743027E}.Release|Any CPU.ActiveCfg = Release|Any CPU
		{428DA918-580F-4C22-92E3-76AE4743027E}.Release|Any CPU.Build.0 = Release|Any CPU
		{5FF6613C-C559-4C88-93A8-027A295A12F7}.Debug|Any CPU.ActiveCfg = Debug|Any CPU
		{5FF6613C-C559-4C88-93A8-027A295A12F7}.Debug|Any CPU.Build.0 = Debug|Any CPU
		{5FF6613C-C559-4C88-93A8-027A295A12F7}.Release|Any CPU.ActiveCfg = Release|Any CPU
		{5FF6613C-C559-4C88-93A8-027A295A12F7}.Release|Any CPU.Build.0 = Release|Any CPU
	EndGlobalSection
	GlobalSection(SolutionProperties) = preSolution
		HideSolutionNode = FALSE
	EndGlobalSection
	GlobalSection(ExtensibilityGlobals) = postSolution
		SolutionGuid = {DA3AF8A5-AF3E-424A-B695-D9BD91BF690F}
	EndGlobalSection
EndGlobal
